
Microsoft Visual Studio Solution File, Format Version 12.00
# Visual Studio Version 16
VisualStudioVersion = 16.0.30503.244
MinimumVisualStudioVersion = 10.0.40219.1
Project("{FAE04EC0-301F-11D3-BF4B-00C04F79EFBC}") = "Cadastro_Agendamentos", "Cadastro_Agendamentos\Cadastro_Agendamentos.csproj", "{1ED9A2A8-451D-46C1-9CF3-6043896306C7}"
EndProject
Global
	GlobalSection(SolutionConfigurationPlatforms) = preSolution
		Debug|Any CPU = Debug|Any CPU
		Release|Any CPU = Release|Any CPU
	EndGlobalSection
	GlobalSection(ProjectConfigurationPlatforms) = postSolution
		{1ED9A2A8-451D-46C1-9CF3-6043896306C7}.Debug|Any CPU.ActiveCfg = Debug|Any CPU
		{1ED9A2A8-451D-46C1-9CF3-6043896306C7}.Debug|Any CPU.Build.0 = Debug|Any CPU
		{1ED9A2A8-451D-46C1-9CF3-6043896306C7}.Release|Any CPU.ActiveCfg = Release|Any CPU
		{1ED9A2A8-451D-46C1-9CF3-6043896306C7}.Release|Any CPU.Build.0 = Release|Any CPU
	EndGlobalSection
	GlobalSection(SolutionProperties) = preSolution
		HideSolutionNode = FALSE
	EndGlobalSection
	GlobalSection(ExtensibilityGlobals) = postSolution
		SolutionGuid = {9E6D51ED-5884-4C2A-869F-C8F82C25BEB4}
	EndGlobalSection
EndGlobal
